
Microsoft Visual Studio Solution File, Format Version 12.00
# Visual Studio Version 16
VisualStudioVersion = 16.0.31829.152
MinimumVisualStudioVersion = 10.0.40219.1
Project("{FAE04EC0-301F-11D3-BF4B-00C04F79EFBC}") = "ChessAi", "ChessAi\ChessAi.csproj", "{7C571294-1A48-4402-8F69-739F61655575}"
EndProject
Global
	GlobalSection(SolutionConfigurationPlatforms) = preSolution
		Debug|Any CPU = Debug|Any CPU
		Release|Any CPU = Release|Any CPU
	EndGlobalSection
	GlobalSection(ProjectConfigurationPlatforms) = postSolution
		{7C571294-1A48-4402-8F69-739F61655575}.Debug|Any CPU.ActiveCfg = Debug|Any CPU
		{7C571294-1A48-4402-8F69-739F61655575}.Debug|Any CPU.Build.0 = Debug|Any CPU
		{7C571294-1A48-4402-8F69-739F61655575}.Release|Any CPU.ActiveCfg = Release|Any CPU
		{7C571294-1A48-4402-8F69-739F61655575}.Release|Any CPU.Build.0 = Release|Any CPU
	EndGlobalSection
	GlobalSection(SolutionProperties) = preSolution
		HideSolutionNode = FALSE
	EndGlobalSection
	GlobalSection(ExtensibilityGlobals) = postSolution
		SolutionGuid = {ADA80C3D-E6A5-4BE1-981E-314571890667}
	EndGlobalSection
EndGlobal
